
Microsoft Visual Studio Solution File, Format Version 12.00
# Visual Studio Version 16
VisualStudioVersion = 16.0.29209.62
MinimumVisualStudioVersion = 10.0.40219.1
Project("{FAE04EC0-301F-11D3-BF4B-00C04F79EFBC}") = "BigSchool", "BigSchool\BigSchool.csproj", "{998F6F93-A49F-4F54-94E8-B545C86A5027}"
EndProject
Global
	GlobalSection(SolutionConfigurationPlatforms) = preSolution
		Debug|Any CPU = Debug|Any CPU
		Release|Any CPU = Release|Any CPU
	EndGlobalSection
	GlobalSection(ProjectConfigurationPlatforms) = postSolution
		{998F6F93-A49F-4F54-94E8-B545C86A5027}.Debug|Any CPU.ActiveCfg = Debug|Any CPU
		{998F6F93-A49F-4F54-94E8-B545C86A5027}.Debug|Any CPU.Build.0 = Debug|Any CPU
		{998F6F93-A49F-4F54-94E8-B545C86A5027}.Release|Any CPU.ActiveCfg = Release|Any CPU
		{998F6F93-A49F-4F54-94E8-B545C86A5027}.Release|Any CPU.Build.0 = Release|Any CPU
	EndGlobalSection
	GlobalSection(SolutionProperties) = preSolution
		HideSolutionNode = FALSE
	EndGlobalSection
	GlobalSection(ExtensibilityGlobals) = postSolution
		SolutionGuid = {B8236B2B-BA7E-4610-9994-549919665DC8}
	EndGlobalSection
EndGlobal
